
Microsoft Visual Studio Solution File, Format Version 12.00
# Visual Studio 14
VisualStudioVersion = 14.0.25420.1
MinimumVisualStudioVersion = 10.0.40219.1
Project("{FAE04EC0-301F-11D3-BF4B-00C04F79EFBC}") = "Authentication", "Authentication\Authentication.csproj", "{062BCCAD-753C-480F-B10E-56CEF7C62CBA}"
EndProject
Global
	GlobalSection(SolutionConfigurationPlatforms) = preSolution
		Debug|ARM = Debug|ARM
		Debug|x64 = Debug|x64
		Debug|x86 = Debug|x86
		Release|ARM = Release|ARM
		Release|x64 = Release|x64
		Release|x86 = Release|x86
	EndGlobalSection
	GlobalSection(ProjectConfigurationPlatforms) = postSolution
		{062BCCAD-753C-480F-B10E-56CEF7C62CBA}.Debug|ARM.ActiveCfg = Debug|ARM
		{062BCCAD-753C-480F-B10E-56CEF7C62CBA}.Debug|ARM.Build.0 = Debug|ARM
		{062BCCAD-753C-480F-B10E-56CEF7C62CBA}.Debug|ARM.Deploy.0 = Debug|ARM
		{062BCCAD-753C-480F-B10E-56CEF7C62CBA}.Debug|x64.ActiveCfg = Debug|x64
		{062BCCAD-753C-480F-B10E-56CEF7C62CBA}.Debug|x64.Build.0 = Debug|x64
		{062BCCAD-753C-480F-B10E-56CEF7C62CBA}.Debug|x64.Deploy.0 = Debug|x64
		{062BCCAD-753C-480F-B10E-56CEF7C62CBA}.Debug|x86.ActiveCfg = Debug|x86
		{062BCCAD-753C-480F-B10E-56CEF7C62CBA}.Debug|x86.Build.0 = Debug|x86
		{062BCCAD-753C-480F-B10E-56CEF7C62CBA}.Debug|x86.Deploy.0 = Debug|x86
		{062BCCAD-753C-480F-B10E-56CEF7C62CBA}.Release|ARM.ActiveCfg = Release|ARM
		{062BCCAD-753C-480F-B10E-56CEF7C62CBA}.Release|ARM.Build.0 = Release|ARM
		{062BCCAD-753C-480F-B10E-56CEF7C62CBA}.Release|ARM.Deploy.0 = Release|ARM
		{062BCCAD-753C-480F-B10E-56CEF7C62CBA}.Release|x64.ActiveCfg = Release|x64
		{062BCCAD-753C-480F-B10E-56CEF7C62CBA}.Release|x64.Build.0 = Release|x64
		{062BCCAD-753C-480F-B10E-56CEF7C62CBA}.Release|x64.Deploy.0 = Release|x64
		{062BCCAD-753C-480F-B10E-56CEF7C62CBA}.Release|x86.ActiveCfg = Release|x86
		{062BCCAD-753C-480F-B10E-56CEF7C62CBA}.Release|x86.Build.0 = Release|x86
		{062BCCAD-753C-480F-B10E-56CEF7C62CBA}.Release|x86.Deploy.0 = Release|x86
	EndGlobalSection
	GlobalSection(SolutionProperties) = preSolution
		HideSolutionNode = FALSE
	EndGlobalSection
EndGlobal
